# @generated by Move, please check-in and do not edit manually.

[move]
version = 2
manifest_digest = "4C301288CB1133BFD90415D65C2CBC26518638CA1720B48BBB2E16C58CF532D5"
deps_digest = "F8BBB0CCB2491CA29A3DF03D6F92277A4F3574266507ACD77214D37ECA3F3082"
dependencies = [
  { name = "Sui" },
]

[[move.package]]
name = "MoveStdlib"
source = { git = "https://github.com/MystenLabs/sui.git", rev = "framework/testnet", subdir = "crates/sui-framework/packages/move-stdlib" }

[[move.package]]
name = "Sui"
source = { git = "https://github.com/MystenLabs/sui.git", rev = "framework/testnet", subdir = "crates/sui-framework/packages/sui-framework" }

dependencies = [
  { name = "MoveStdlib" },
]

[move.toolchain-version]
compiler-version = "1.30.1"
edition = "2024.beta"
flavor = "sui"

[env]

[env.testnet]
chain-id = "4c78adac"
original-published-id = "0x071d5f99a99758987e6c4c25308b81fd6daaeecdfb72de86e371d5544f7a33eb"
latest-published-id = "0x071d5f99a99758987e6c4c25308b81fd6daaeecdfb72de86e371d5544f7a33eb"
published-version = "1"

[env.mainnet]
chain-id = "35834a8a"
original-published-id = "0xc69d42af3b2f487580255e5911379a57e6eb248d17a9c9037ee7528be0fb472b"
latest-published-id = "0xc69d42af3b2f487580255e5911379a57e6eb248d17a9c9037ee7528be0fb472b"
published-version = "1"
